{
    "version": 3,
    "terraform_version": "0.11.11",
    "serial": 4,
    "lineage": "c626b4dd-62d8-4564-3d0c-daaed848e292",
    "modules": [
        {
            "path": [
                "root"
            ],
            "outputs": {},
            "resources": {},
            "depends_on": []
        },
        {
            "path": [
                "root",
                "revtest_rds"
            ],
            "outputs": {
                "address": {
                    "sensitive": false,
                    "type": "string",
                    "value": "revtest.chhyet6jkerf.eu-west-1.rds.amazonaws.com"
                },
                "database": {
                    "sensitive": false,
                    "type": "string",
                    "value": "pipefish"
                },
                "hosted_zone_id": {
                    "sensitive": false,
                    "type": "string",
                    "value": "Z29XKXDKYMONMX"
                },
                "password": {
                    "sensitive": true,
                    "type": "string",
                    "value": "0_g})\u0026)VdcH=VO"
                },
                "rds_id": {
                    "sensitive": false,
                    "type": "string",
                    "value": "revtest"
                },
                "username": {
                    "sensitive": false,
                    "type": "string",
                    "value": "robust_gelding"
                }
            },
            "resources": {
                "aws_db_instance.default": {
                    "type": "aws_db_instance",
                    "depends_on": [
                        "aws_db_subnet_group.default",
                        "aws_security_group.default",
                        "local.database",
                        "local.password",
                        "local.username"
                    ],
                    "primary": {
                        "id": "revtest",
                        "attributes": {
                            "address": "revtest.chhyet6jkerf.eu-west-1.rds.amazonaws.com",
                            "allocated_storage": "20",
                            "apply_immediately": "true",
                            "arn": "arn:aws:rds:eu-west-1:291213119936:db:revtest",
                            "auto_minor_version_upgrade": "true",
                            "availability_zone": "eu-west-1b",
                            "backup_retention_period": "3",
                            "backup_window": "05:00-07:00",
                            "ca_cert_identifier": "rds-ca-2015",
                            "copy_tags_to_snapshot": "false",
                            "db_subnet_group_name": "revtest",
                            "deletion_protection": "false",
                            "domain": "",
                            "domain_iam_role_name": "",
                            "enabled_cloudwatch_logs_exports.#": "4",
                            "enabled_cloudwatch_logs_exports.0": "audit",
                            "enabled_cloudwatch_logs_exports.1": "error",
                            "enabled_cloudwatch_logs_exports.2": "general",
                            "enabled_cloudwatch_logs_exports.3": "slowquery",
                            "endpoint": "revtest.chhyet6jkerf.eu-west-1.rds.amazonaws.com:3306",
                            "engine": "mysql",
                            "engine_version": "5.7.23",
                            "hosted_zone_id": "Z29XKXDKYMONMX",
                            "iam_database_authentication_enabled": "false",
                            "id": "revtest",
                            "identifier": "revtest",
                            "instance_class": "db.t2.small",
                            "iops": "0",
                            "kms_key_id": "arn:aws:kms:eu-west-1:291213119936:key/793bab0d-8c8a-4a18-8c04-9639ff76bc65",
                            "license_model": "general-public-license",
                            "maintenance_window": "sun:01:29-sun:01:59",
                            "monitoring_interval": "0",
                            "multi_az": "false",
                            "name": "pipefish",
                            "option_group_name": "default:mysql-5-7",
                            "parameter_group_name": "default.mysql5.7",
                            "password": "0_g})\u0026)VdcH=VO",
                            "port": "3306",
                            "publicly_accessible": "false",
                            "replicas.#": "0",
                            "replicate_source_db": "",
                            "resource_id": "db-NOII2KZA3UE3RWHAUKPKZIWAMM",
                            "security_group_names.#": "0",
                            "skip_final_snapshot": "true",
                            "status": "available",
                            "storage_encrypted": "true",
                            "storage_type": "gp2",
                            "tags.%": "0",
                            "timezone": "",
                            "username": "robust_gelding",
                            "vpc_security_group_ids.#": "1",
                            "vpc_security_group_ids.3190938102": "sg-0ea1cc40ba29598e1"
                        },
                        "meta": {
                            "e2bfb730-ecaa-11e6-8f88-34363bc7c4c0": {
                                "create": 2400000000000,
                                "delete": 2400000000000,
                                "update": 4800000000000
                            }
                        },
                        "tainted": false
                    },
                    "deposed": [],
                    "provider": "provider.aws"
                },
                "aws_db_subnet_group.default": {
                    "type": "aws_db_subnet_group",
                    "depends_on": [],
                    "primary": {
                        "id": "revtest",
                        "attributes": {
                            "arn": "arn:aws:rds:eu-west-1:291213119936:subgrp:revtest",
                            "description": "Managed by Terraform",
                            "id": "revtest",
                            "name": "revtest",
                            "subnet_ids.#": "2",
                            "subnet_ids.2972566841": "subnet-0d66c441b99ce3258",
                            "subnet_ids.3800856184": "subnet-05f5e8b2da62e037c",
                            "tags.%": "0"
                        },
                        "meta": {},
                        "tainted": false
                    },
                    "deposed": [],
                    "provider": "provider.aws"
                },
                "aws_security_group.default": {
                    "type": "aws_security_group",
                    "depends_on": [
                        "local.vpc_id"
                    ],
                    "primary": {
                        "id": "sg-0ea1cc40ba29598e1",
                        "attributes": {
                            "arn": "arn:aws:ec2:eu-west-1:291213119936:security-group/sg-0ea1cc40ba29598e1",
                            "description": "Managed by Terraform",
                            "egress.#": "0",
                            "id": "sg-0ea1cc40ba29598e1",
                            "ingress.#": "1",
                            "ingress.2529717868.cidr_blocks.#": "2",
                            "ingress.2529717868.cidr_blocks.0": "172.31.0.0/20",
                            "ingress.2529717868.cidr_blocks.1": "172.31.32.0/20",
                            "ingress.2529717868.description": "",
                            "ingress.2529717868.from_port": "3306",
                            "ingress.2529717868.ipv6_cidr_blocks.#": "0",
                            "ingress.2529717868.prefix_list_ids.#": "0",
                            "ingress.2529717868.protocol": "TCP",
                            "ingress.2529717868.security_groups.#": "0",
                            "ingress.2529717868.self": "false",
                            "ingress.2529717868.to_port": "3306",
                            "name": "RDS",
                            "owner_id": "291213119936",
                            "revoke_rules_on_delete": "false",
                            "tags.%": "0",
                            "vpc_id": "vpc-21566e47"
                        },
                        "meta": {
                            "e2bfb730-ecaa-11e6-8f88-34363bc7c4c0": {
                                "create": 600000000000,
                                "delete": 600000000000
                            },
                            "schema_version": "1"
                        },
                        "tainted": false
                    },
                    "deposed": [],
                    "provider": "provider.aws"
                },
                "data.aws_subnet.default": {
                    "type": "aws_subnet",
                    "depends_on": [],
                    "primary": {
                        "id": "subnet-05f5e8b2da62e037c",
                        "attributes": {
                            "arn": "arn:aws:ec2:eu-west-1:291213119936:subnet/subnet-05f5e8b2da62e037c",
                            "assign_ipv6_address_on_creation": "false",
                            "availability_zone": "eu-west-1a",
                            "availability_zone_id": "euw1-az1",
                            "cidr_block": "172.31.128.0/24",
                            "default_for_az": "false",
                            "id": "subnet-05f5e8b2da62e037c",
                            "map_public_ip_on_launch": "false",
                            "owner_id": "291213119936",
                            "state": "available",
                            "tags.%": "1",
                            "tags.Name": "RDS_Subnet",
                            "vpc_id": "vpc-21566e47"
                        },
                        "meta": {},
                        "tainted": false
                    },
                    "deposed": [],
                    "provider": "provider.aws"
                },
                "random_pet.db_name": {
                    "type": "random_pet",
                    "depends_on": [],
                    "primary": {
                        "id": "pipefish",
                        "attributes": {
                            "id": "pipefish",
                            "length": "1",
                            "separator": "-"
                        },
                        "meta": {},
                        "tainted": false
                    },
                    "deposed": [],
                    "provider": "provider.random"
                },
                "random_pet.username": {
                    "type": "random_pet",
                    "depends_on": [],
                    "primary": {
                        "id": "robust_gelding",
                        "attributes": {
                            "id": "robust_gelding",
                            "length": "2",
                            "separator": "_"
                        },
                        "meta": {},
                        "tainted": false
                    },
                    "deposed": [],
                    "provider": "provider.random"
                },
                "random_string.password": {
                    "type": "random_string",
                    "depends_on": [],
                    "primary": {
                        "id": "none",
                        "attributes": {
                            "id": "none",
                            "length": "14",
                            "lower": "true",
                            "min_lower": "0",
                            "min_numeric": "0",
                            "min_special": "0",
                            "min_upper": "0",
                            "number": "true",
                            "override_special": "!#$%\u0026'()*+,-.:;\u003c=\u003e?_`{|}~",
                            "result": "0_g})\u0026)VdcH=VO",
                            "special": "true",
                            "upper": "true"
                        },
                        "meta": {
                            "schema_version": "1"
                        },
                        "tainted": false
                    },
                    "deposed": [],
                    "provider": "provider.random"
                }
            },
            "depends_on": []
        }
    ]
}
